
Microsoft Visual Studio Solution File, Format Version 12.00
# Visual Studio 14
VisualStudioVersion = 14.0.25420.1
MinimumVisualStudioVersion = 10.0.40219.1
Project("{FAE04EC0-301F-11D3-BF4B-00C04F79EFBC}") = "Aura.Framework", "Aura.Framework\Aura.Framework.csproj", "{71D45B76-630D-45DC-B58F-98F06692C8B5}"
EndProject
Project("{FAE04EC0-301F-11D3-BF4B-00C04F79EFBC}") = "Aura.Framework.Configurations", "Aura.Framework.Configuration\Aura.Framework.Configurations.csproj", "{E23E01DA-043D-4249-91A2-040B843F789D}"
EndProject
Project("{FAE04EC0-301F-11D3-BF4B-00C04F79EFBC}") = "Aura.Framework.Analystics", "Aura.Framework.Analystics\Aura.Framework.Analystics.csproj", "{66B9D021-4223-4D47-A035-00D1515A7BE0}"
EndProject
Project("{FAE04EC0-301F-11D3-BF4B-00C04F79EFBC}") = "Aura.Framework.Tools", "Aura.Framework.Tools\Aura.Framework.Tools.csproj", "{C55D7AAF-9923-406A-8AB2-27A541123B74}"
EndProject
Project("{FAE04EC0-301F-11D3-BF4B-00C04F79EFBC}") = "Aura.Framework.Connectivity.Client", "Aura.Framework.Connectivity.Client\Aura.Framework.Connectivity.Client.csproj", "{F10B336E-5740-42FA-B3FE-62B1C46EA676}"
EndProject
Project("{FAE04EC0-301F-11D3-BF4B-00C04F79EFBC}") = "Aura.Framework.Connectivity.Server", "Aura.Framework.Connectivity.Server\Aura.Framework.Connectivity.Server.csproj", "{85FD5286-0F8D-4255-9023-8F63ACEF5EFC}"
EndProject
Project("{FAE04EC0-301F-11D3-BF4B-00C04F79EFBC}") = "Aura.Framework.Connectivity", "Aura.Framework.Connectivity\Aura.Framework.Connectivity.csproj", "{BD227228-9835-4C42-81AF-84B1C848C00B}"
EndProject
Project("{FAE04EC0-301F-11D3-BF4B-00C04F79EFBC}") = "Aura.Framework.Audio", "Aura.Framework.Audio\Aura.Framework.Audio.csproj", "{1BFF3141-5C0B-43EA-A83C-05AAE37E931C}"
EndProject
Project("{FAE04EC0-301F-11D3-BF4B-00C04F79EFBC}") = "Aura.Framework.Globalisation", "Aura.Framework.Globalisation\Aura.Framework.Globalisation.csproj", "{71D05033-83FC-4F64-AA84-7BA12DFD7588}"
EndProject
Project("{FAE04EC0-301F-11D3-BF4B-00C04F79EFBC}") = "Aura.Framework.UI", "Aura.Framework.UI\Aura.Framework.UI.csproj", "{11143B48-F61C-426D-AFE9-2EA8C25F7A39}"
EndProject
Global
	GlobalSection(SolutionConfigurationPlatforms) = preSolution
		Debug|Any CPU = Debug|Any CPU
		Release|Any CPU = Release|Any CPU
	EndGlobalSection
	GlobalSection(ProjectConfigurationPlatforms) = postSolution
		{71D45B76-630D-45DC-B58F-98F06692C8B5}.Debug|Any CPU.ActiveCfg = Debug|Any CPU
		{71D45B76-630D-45DC-B58F-98F06692C8B5}.Debug|Any CPU.Build.0 = Debug|Any CPU
		{71D45B76-630D-45DC-B58F-98F06692C8B5}.Release|Any CPU.ActiveCfg = Release|Any CPU
		{71D45B76-630D-45DC-B58F-98F06692C8B5}.Release|Any CPU.Build.0 = Release|Any CPU
		{E23E01DA-043D-4249-91A2-040B843F789D}.Debug|Any CPU.ActiveCfg = Debug|Any CPU
		{E23E01DA-043D-4249-91A2-040B843F789D}.Debug|Any CPU.Build.0 = Debug|Any CPU
		{E23E01DA-043D-4249-91A2-040B843F789D}.Release|Any CPU.ActiveCfg = Release|Any CPU
		{E23E01DA-043D-4249-91A2-040B843F789D}.Release|Any CPU.Build.0 = Release|Any CPU
		{66B9D021-4223-4D47-A035-00D1515A7BE0}.Debug|Any CPU.ActiveCfg = Debug|Any CPU
		{66B9D021-4223-4D47-A035-00D1515A7BE0}.Debug|Any CPU.Build.0 = Debug|Any CPU
		{66B9D021-4223-4D47-A035-00D1515A7BE0}.Release|Any CPU.ActiveCfg = Release|Any CPU
		{66B9D021-4223-4D47-A035-00D1515A7BE0}.Release|Any CPU.Build.0 = Release|Any CPU
		{C55D7AAF-9923-406A-8AB2-27A541123B74}.Debug|Any CPU.ActiveCfg = Debug|Any CPU
		{C55D7AAF-9923-406A-8AB2-27A541123B74}.Debug|Any CPU.Build.0 = Debug|Any CPU
		{C55D7AAF-9923-406A-8AB2-27A541123B74}.Release|Any CPU.ActiveCfg = Release|Any CPU
		{C55D7AAF-9923-406A-8AB2-27A541123B74}.Release|Any CPU.Build.0 = Release|Any CPU
		{F10B336E-5740-42FA-B3FE-62B1C46EA676}.Debug|Any CPU.ActiveCfg = Debug|Any CPU
		{F10B336E-5740-42FA-B3FE-62B1C46EA676}.Debug|Any CPU.Build.0 = Debug|Any CPU
		{F10B336E-5740-42FA-B3FE-62B1C46EA676}.Release|Any CPU.ActiveCfg = Release|Any CPU
		{F10B336E-5740-42FA-B3FE-62B1C46EA676}.Release|Any CPU.Build.0 = Release|Any CPU
		{85FD5286-0F8D-4255-9023-8F63ACEF5EFC}.Debug|Any CPU.ActiveCfg = Debug|Any CPU
		{85FD5286-0F8D-4255-9023-8F63ACEF5EFC}.Debug|Any CPU.Build.0 = Debug|Any CPU
		{85FD5286-0F8D-4255-9023-8F63ACEF5EFC}.Release|Any CPU.ActiveCfg = Release|Any CPU
		{85FD5286-0F8D-4255-9023-8F63ACEF5EFC}.Release|Any CPU.Build.0 = Release|Any CPU
		{BD227228-9835-4C42-81AF-84B1C848C00B}.Debug|Any CPU.ActiveCfg = Debug|Any CPU
		{BD227228-9835-4C42-81AF-84B1C848C00B}.Debug|Any CPU.Build.0 = Debug|Any CPU
		{BD227228-9835-4C42-81AF-84B1C848C00B}.Release|Any CPU.ActiveCfg = Release|Any CPU
		{BD227228-9835-4C42-81AF-84B1C848C00B}.Release|Any CPU.Build.0 = Release|Any CPU
		{1BFF3141-5C0B-43EA-A83C-05AAE37E931C}.Debug|Any CPU.ActiveCfg = Debug|Any CPU
		{1BFF3141-5C0B-43EA-A83C-05AAE37E931C}.Debug|Any CPU.Build.0 = Debug|Any CPU
		{1BFF3141-5C0B-43EA-A83C-05AAE37E931C}.Release|Any CPU.ActiveCfg = Release|Any CPU
		{1BFF3141-5C0B-43EA-A83C-05AAE37E931C}.Release|Any CPU.Build.0 = Release|Any CPU
		{71D05033-83FC-4F64-AA84-7BA12DFD7588}.Debug|Any CPU.ActiveCfg = Debug|Any CPU
		{71D05033-83FC-4F64-AA84-7BA12DFD7588}.Debug|Any CPU.Build.0 = Debug|Any CPU
		{71D05033-83FC-4F64-AA84-7BA12DFD7588}.Release|Any CPU.ActiveCfg = Release|Any CPU
		{71D05033-83FC-4F64-AA84-7BA12DFD7588}.Release|Any CPU.Build.0 = Release|Any CPU
		{11143B48-F61C-426D-AFE9-2EA8C25F7A39}.Debug|Any CPU.ActiveCfg = Debug|Any CPU
		{11143B48-F61C-426D-AFE9-2EA8C25F7A39}.Debug|Any CPU.Build.0 = Debug|Any CPU
		{11143B48-F61C-426D-AFE9-2EA8C25F7A39}.Release|Any CPU.ActiveCfg = Release|Any CPU
		{11143B48-F61C-426D-AFE9-2EA8C25F7A39}.Release|Any CPU.Build.0 = Release|Any CPU
	EndGlobalSection
	GlobalSection(SolutionProperties) = preSolution
		HideSolutionNode = FALSE
	EndGlobalSection
EndGlobal
